
Microsoft Visual Studio Solution File, Format Version 12.00
# Visual Studio 14
VisualStudioVersion = 14.0.25123.0
MinimumVisualStudioVersion = 10.0.40219.1
Project("{D954291E-2A0B-460D-934E-DC6B0785DB48}") = "Soap12Client", "Soap12Client\Soap12Client.shproj", "{18198569-1AC3-4BA3-BD98-A6FE0C6D9A89}"
EndProject
Global
	GlobalSection(SharedMSBuildProjectFiles) = preSolution
		Soap12Client\Soap12Client.projitems*{18198569-1ac3-4ba3-bd98-a6fe0c6d9a89}*SharedItemsImports = 13
	EndGlobalSection
	GlobalSection(SolutionProperties) = preSolution
		HideSolutionNode = FALSE
	EndGlobalSection
EndGlobal
